
Microsoft Visual Studio Solution File, Format Version 12.00
# Visual Studio 15
VisualStudioVersion = 15.0.28010.2026
MinimumVisualStudioVersion = 10.0.40219.1
Project("{FAE04EC0-301F-11D3-BF4B-00C04F79EFBC}") = "NeuralNetworks", "NeuralNetworks\NeuralNetworks.csproj", "{B87F284A-ACA3-46C1-B131-4CF514493743}"
EndProject
Project("{FAE04EC0-301F-11D3-BF4B-00C04F79EFBC}") = "NeuralNetworks.Console", "NeuralNetworks.Console\NeuralNetworks.Console.csproj", "{4A4362F5-7A99-47E2-9A0C-BF6A57B131C9}"
EndProject
Global
	GlobalSection(SolutionConfigurationPlatforms) = preSolution
		Debug|Any CPU = Debug|Any CPU
		Release|Any CPU = Release|Any CPU
	EndGlobalSection
	GlobalSection(ProjectConfigurationPlatforms) = postSolution
		{B87F284A-ACA3-46C1-B131-4CF514493743}.Debug|Any CPU.ActiveCfg = Debug|Any CPU
		{B87F284A-ACA3-46C1-B131-4CF514493743}.Debug|Any CPU.Build.0 = Debug|Any CPU
		{B87F284A-ACA3-46C1-B131-4CF514493743}.Release|Any CPU.ActiveCfg = Release|Any CPU
		{B87F284A-ACA3-46C1-B131-4CF514493743}.Release|Any CPU.Build.0 = Release|Any CPU
		{4A4362F5-7A99-47E2-9A0C-BF6A57B131C9}.Debug|Any CPU.ActiveCfg = Debug|Any CPU
		{4A4362F5-7A99-47E2-9A0C-BF6A57B131C9}.Debug|Any CPU.Build.0 = Debug|Any CPU
		{4A4362F5-7A99-47E2-9A0C-BF6A57B131C9}.Release|Any CPU.ActiveCfg = Release|Any CPU
		{4A4362F5-7A99-47E2-9A0C-BF6A57B131C9}.Release|Any CPU.Build.0 = Release|Any CPU
	EndGlobalSection
	GlobalSection(SolutionProperties) = preSolution
		HideSolutionNode = FALSE
	EndGlobalSection
	GlobalSection(ExtensibilityGlobals) = postSolution
		SolutionGuid = {A9A93506-3D3E-48F9-9492-C6FF48FEAE79}
	EndGlobalSection
EndGlobal
